
Microsoft Visual Studio Solution File, Format Version 12.00
# Visual Studio 15
VisualStudioVersion = 15.0.27428.2015
MinimumVisualStudioVersion = 10.0.40219.1
Project("{FAE04EC0-301F-11D3-BF4B-00C04F79EFBC}") = "HRCore", "HRCore\HRCore.csproj", "{04A03065-4584-4410-ADCC-DADFB412062A}"
EndProject
Global
	GlobalSection(SolutionConfigurationPlatforms) = preSolution
		Debug|Any CPU = Debug|Any CPU
		Release|Any CPU = Release|Any CPU
	EndGlobalSection
	GlobalSection(ProjectConfigurationPlatforms) = postSolution
		{04A03065-4584-4410-ADCC-DADFB412062A}.Debug|Any CPU.ActiveCfg = Debug|Any CPU
		{04A03065-4584-4410-ADCC-DADFB412062A}.Debug|Any CPU.Build.0 = Debug|Any CPU
		{04A03065-4584-4410-ADCC-DADFB412062A}.Release|Any CPU.ActiveCfg = Release|Any CPU
		{04A03065-4584-4410-ADCC-DADFB412062A}.Release|Any CPU.Build.0 = Release|Any CPU
	EndGlobalSection
	GlobalSection(SolutionProperties) = preSolution
		HideSolutionNode = FALSE
	EndGlobalSection
	GlobalSection(ExtensibilityGlobals) = postSolution
		SolutionGuid = {5D268147-9409-420B-8EE4-EF2F68A1ACBD}
	EndGlobalSection
EndGlobal
