
Microsoft Visual Studio Solution File, Format Version 12.00
# Visual Studio 15
VisualStudioVersion = 15.0.27428.2015
MinimumVisualStudioVersion = 10.0.40219.1
Project("{FAE04EC0-301F-11D3-BF4B-00C04F79EFBC}") = "MVCMovie", "MVCMovie\MVCMovie.csproj", "{F395636A-CBCE-47AC-BED5-B75FD891E1ED}"
EndProject
Global
	GlobalSection(SolutionConfigurationPlatforms) = preSolution
		Debug|Any CPU = Debug|Any CPU
		Release|Any CPU = Release|Any CPU
	EndGlobalSection
	GlobalSection(ProjectConfigurationPlatforms) = postSolution
		{F395636A-CBCE-47AC-BED5-B75FD891E1ED}.Debug|Any CPU.ActiveCfg = Debug|Any CPU
		{F395636A-CBCE-47AC-BED5-B75FD891E1ED}.Debug|Any CPU.Build.0 = Debug|Any CPU
		{F395636A-CBCE-47AC-BED5-B75FD891E1ED}.Release|Any CPU.ActiveCfg = Release|Any CPU
		{F395636A-CBCE-47AC-BED5-B75FD891E1ED}.Release|Any CPU.Build.0 = Release|Any CPU
	EndGlobalSection
	GlobalSection(SolutionProperties) = preSolution
		HideSolutionNode = FALSE
	EndGlobalSection
	GlobalSection(ExtensibilityGlobals) = postSolution
		SolutionGuid = {661F8FD4-5AD5-4CD6-A4F8-BA1C62172F89}
	EndGlobalSection
EndGlobal
