
Microsoft Visual Studio Solution File, Format Version 12.00
# Visual Studio 15
VisualStudioVersion = 15.0.27428.2015
MinimumVisualStudioVersion = 10.0.40219.1
Project("{FAE04EC0-301F-11D3-BF4B-00C04F79EFBC}") = "DP", "DP\DP.csproj", "{4C9A16CA-6688-49B9-8416-F443DFBC51F1}"
EndProject
Global
	GlobalSection(SolutionConfigurationPlatforms) = preSolution
		Debug|Any CPU = Debug|Any CPU
		Release|Any CPU = Release|Any CPU
	EndGlobalSection
	GlobalSection(ProjectConfigurationPlatforms) = postSolution
		{4C9A16CA-6688-49B9-8416-F443DFBC51F1}.Debug|Any CPU.ActiveCfg = Debug|Any CPU
		{4C9A16CA-6688-49B9-8416-F443DFBC51F1}.Debug|Any CPU.Build.0 = Debug|Any CPU
		{4C9A16CA-6688-49B9-8416-F443DFBC51F1}.Release|Any CPU.ActiveCfg = Release|Any CPU
		{4C9A16CA-6688-49B9-8416-F443DFBC51F1}.Release|Any CPU.Build.0 = Release|Any CPU
	EndGlobalSection
	GlobalSection(SolutionProperties) = preSolution
		HideSolutionNode = FALSE
	EndGlobalSection
	GlobalSection(ExtensibilityGlobals) = postSolution
		SolutionGuid = {763015B0-275B-4009-9DC0-4B1C665AD8A8}
	EndGlobalSection
EndGlobal
